// !$*UTF8*$!
{
	archiveVersion = 1;
	classes = {
	};
	objectVersion = 51;
	objects = {

/* Begin PBXBuildFile section */
		9A05558522A18A2A009398CD /* TransactionsViewController.swift in Sources */ = {isa = PBXBuildFile; fileRef = 9A05558422A18A2A009398CD /* TransactionsViewController.swift */; };
		9A05558722A18A5C009398CD /* Transaction.swift in Sources */ = {isa = PBXBuildFile; fileRef = 9A05558622A18A5C009398CD /* Transaction.swift */; };
		9A05558922A18B3A009398CD /* Category.swift in Sources */ = {isa = PBXBuildFile; fileRef = 9A05558822A18B3A009398CD /* Category.swift */; };
		9A05558C22A18BA8009398CD /* Wallet.swift in Sources */ = {isa = PBXBuildFile; fileRef = 9A05558B22A18BA7009398CD /* Wallet.swift */; };
		9A0705EE2283EF68003817A1 /* AppDelegate.swift in Sources */ = {isa = PBXBuildFile; fileRef = 9A0705ED2283EF68003817A1 /* AppDelegate.swift */; };
		9A0705F32283EF68003817A1 /* Main.storyboard in Resources */ = {isa = PBXBuildFile; fileRef = 9A0705F12283EF68003817A1 /* Main.storyboard */; };
		9A0705F52283EF6A003817A1 /* Assets.xcassets in Resources */ = {isa = PBXBuildFile; fileRef = 9A0705F42283EF6A003817A1 /* Assets.xcassets */; };
		9A0705F82283EF6A003817A1 /* LaunchScreen.storyboard in Resources */ = {isa = PBXBuildFile; fileRef = 9A0705F62283EF6A003817A1 /* LaunchScreen.storyboard */; };
		9A16F839238B147A0096C0C2 /* Sorter.swift in Sources */ = {isa = PBXBuildFile; fileRef = 9A16F838238B147A0096C0C2 /* Sorter.swift */; };
		9A1E3DD9239EC81D0003A20C /* Skin.swift in Sources */ = {isa = PBXBuildFile; fileRef = 9A1E3DD8239EC81D0003A20C /* Skin.swift */; };
		9A3774CC23408B0C00C6982C /* ReportsDetailCell.swift in Sources */ = {isa = PBXBuildFile; fileRef = 9A3774CB23408B0C00C6982C /* ReportsDetailCell.swift */; };
		9A47104422C4F2F700A3662B /* Currency.swift in Sources */ = {isa = PBXBuildFile; fileRef = 9A47104322C4F2F700A3662B /* Currency.swift */; };
		9A4DBCD22329EBAA0072B9A5 /* currencies.json in Resources */ = {isa = PBXBuildFile; fileRef = 9A4DBCD12329EBAA0072B9A5 /* currencies.json */; };
		9A57A17122CC883900DC6624 /* WalletCell.swift in Sources */ = {isa = PBXBuildFile; fileRef = 9A57A17022CC883900DC6624 /* WalletCell.swift */; };
		9A57A17322CF25FD00DC6624 /* IconView.swift in Sources */ = {isa = PBXBuildFile; fileRef = 9A57A17222CF25FD00DC6624 /* IconView.swift */; };
		9A57A17522D0E2B700DC6624 /* CategoryList.swift in Sources */ = {isa = PBXBuildFile; fileRef = 9A57A17422D0E2B700DC6624 /* CategoryList.swift */; };
		9A591D08231AC6C900F14E82 /* ReportsViewController.swift in Sources */ = {isa = PBXBuildFile; fileRef = 9A591D07231AC6C900F14E82 /* ReportsViewController.swift */; };
		9A591D0A231BE1F400F14E82 /* Extensions.swift in Sources */ = {isa = PBXBuildFile; fileRef = 9A591D09231BE1F400F14E82 /* Extensions.swift */; };
		9A596850233F1EFE00C83B7A /* ReportsDetailViewController.swift in Sources */ = {isa = PBXBuildFile; fileRef = 9A59684F233F1EFE00C83B7A /* ReportsDetailViewController.swift */; };
		9A6A9C0D231D323A00A252E5 /* Dater.swift in Sources */ = {isa = PBXBuildFile; fileRef = 9A6A9C0C231D323A00A252E5 /* Dater.swift */; };
		9A6F4D0C233C6D9B0012F300 /* ReportsCell.swift in Sources */ = {isa = PBXBuildFile; fileRef = 9A6F4D0B233C6D9B0012F300 /* ReportsCell.swift */; };
		9A7B4A3723557E0D00FA198C /* CategoryReportViewController.swift in Sources */ = {isa = PBXBuildFile; fileRef = 9A7B4A3623557E0D00FA198C /* CategoryReportViewController.swift */; };
		9A7E8E1D232139890009365F /* TabBarViewController.swift in Sources */ = {isa = PBXBuildFile; fileRef = 9A7E8E1C232139890009365F /* TabBarViewController.swift */; };
		9A7E8E1F23213F380009365F /* BudgetViewController.swift in Sources */ = {isa = PBXBuildFile; fileRef = 9A7E8E1E23213F380009365F /* BudgetViewController.swift */; };
		9A8F78F323A15B8000DCD9D2 /* Skins.json in Resources */ = {isa = PBXBuildFile; fileRef = 9A8F78F223A15B8000DCD9D2 /* Skins.json */; };
		9A8F78F723A15CC800DCD9D2 /* ColorChooserViewController.swift in Sources */ = {isa = PBXBuildFile; fileRef = 9A8F78F623A15CC800DCD9D2 /* ColorChooserViewController.swift */; };
		9A8F78F923A1689C00DCD9D2 /* SkinChooserViewController.swift in Sources */ = {isa = PBXBuildFile; fileRef = 9A8F78F823A1689C00DCD9D2 /* SkinChooserViewController.swift */; };
		9A8F78FE23A179A100DCD9D2 /* SkinCollectionViewCell.swift in Sources */ = {isa = PBXBuildFile; fileRef = 9A8F78FD23A179A100DCD9D2 /* SkinCollectionViewCell.swift */; };
		9A8F790223A2509C00DCD9D2 /* SkinHeaderView.swift in Sources */ = {isa = PBXBuildFile; fileRef = 9A8F790123A2509C00DCD9D2 /* SkinHeaderView.swift */; };
		9A90663B22D61D1B00DF9358 /* CurrencyListCell.swift in Sources */ = {isa = PBXBuildFile; fileRef = 9A90663A22D61D1B00DF9358 /* CurrencyListCell.swift */; };
		9AB22B2222DEF6EC00AE145F /* WalletBarViewCell.swift in Sources */ = {isa = PBXBuildFile; fileRef = 9AB22B2122DEF6EC00AE145F /* WalletBarViewCell.swift */; };
		9AB9A64B230D797B008E4951 /* CategoryDetailViewController.swift in Sources */ = {isa = PBXBuildFile; fileRef = 9AB9A64A230D797B008E4951 /* CategoryDetailViewController.swift */; };
		9AB9A64D230EBA4B008E4951 /* ParentCategoriesTableViewController.swift in Sources */ = {isa = PBXBuildFile; fileRef = 9AB9A64C230EBA4B008E4951 /* ParentCategoriesTableViewController.swift */; };
		9AB9C6B422C3315900E401DC /* CategoryListViewController.swift in Sources */ = {isa = PBXBuildFile; fileRef = 9AB9C6B322C3315900E401DC /* CategoryListViewController.swift */; };
		9ACDDE5322AD3ACF00793219 /* TransactionCell.swift in Sources */ = {isa = PBXBuildFile; fileRef = 9ACDDE5222AD3ACF00793219 /* TransactionCell.swift */; };
		9ACDDE5722AE77B500793219 /* TransactionDetailViewController.swift in Sources */ = {isa = PBXBuildFile; fileRef = 9ACDDE5622AE77B500793219 /* TransactionDetailViewController.swift */; };
		9AE3BCB222C5DC6700089927 /* CurrencyTableViewController.swift in Sources */ = {isa = PBXBuildFile; fileRef = 9AE3BCB122C5DC6700089927 /* CurrencyTableViewController.swift */; };
		9AE3BCB422C5ED3E00089927 /* StateController.swift in Sources */ = {isa = PBXBuildFile; fileRef = 9AE3BCB322C5ED3E00089927 /* StateController.swift */; };
		9AE3BCB622C5F02C00089927 /* WalletListViewController.swift in Sources */ = {isa = PBXBuildFile; fileRef = 9AE3BCB522C5F02C00089927 /* WalletListViewController.swift */; };
		9AE3BCB822C5F75A00089927 /* WalletDetailViewController.swift in Sources */ = {isa = PBXBuildFile; fileRef = 9AE3BCB722C5F75A00089927 /* WalletDetailViewController.swift */; };
		9AEC4CD0230997020059EFCF /* DateBarCell.swift in Sources */ = {isa = PBXBuildFile; fileRef = 9AEC4CCF230997020059EFCF /* DateBarCell.swift */; };
		EC00FE8997324D1887D6A1DD /* Pods_MoneyApp.framework in Frameworks */ = {isa = PBXBuildFile; fileRef = 05C58BCA1B8F7FD1AFB44BA1 /* Pods_MoneyApp.framework */; };
/* End PBXBuildFile section */

/* Begin PBXFileReference section */
		05C58BCA1B8F7FD1AFB44BA1 /* Pods_MoneyApp.framework */ = {isa = PBXFileReference; explicitFileType = wrapper.framework; includeInIndex = 0; path = Pods_MoneyApp.framework; sourceTree = BUILT_PRODUCTS_DIR; };
		34AE7B675A566C56788FEAAA /* Pods-MoneyApp.release.xcconfig */ = {isa = PBXFileReference; includeInIndex = 1; lastKnownFileType = text.xcconfig; name = "Pods-MoneyApp.release.xcconfig"; path = "Target Support Files/Pods-MoneyApp/Pods-MoneyApp.release.xcconfig"; sourceTree = "<group>"; };
		9A05558422A18A2A009398CD /* TransactionsViewController.swift */ = {isa = PBXFileReference; lastKnownFileType = sourcecode.swift; path = TransactionsViewController.swift; sourceTree = "<group>"; };
		9A05558622A18A5C009398CD /* Transaction.swift */ = {isa = PBXFileReference; lastKnownFileType = sourcecode.swift; path = Transaction.swift; sourceTree = "<group>"; };
		9A05558822A18B3A009398CD /* Category.swift */ = {isa = PBXFileReference; lastKnownFileType = sourcecode.swift; path = Category.swift; sourceTree = "<group>"; };
		9A05558B22A18BA7009398CD /* Wallet.swift */ = {isa = PBXFileReference; lastKnownFileType = sourcecode.swift; path = Wallet.swift; sourceTree = "<group>"; };
		9A0705EA2283EF68003817A1 /* MoneyApp.app */ = {isa = PBXFileReference; explicitFileType = wrapper.application; includeInIndex = 0; path = MoneyApp.app; sourceTree = BUILT_PRODUCTS_DIR; };
		9A0705ED2283EF68003817A1 /* AppDelegate.swift */ = {isa = PBXFileReference; lastKnownFileType = sourcecode.swift; path = AppDelegate.swift; sourceTree = "<group>"; };
		9A0705F22283EF68003817A1 /* Base */ = {isa = PBXFileReference; lastKnownFileType = file.storyboard; name = Base; path = Base.lproj/Main.storyboard; sourceTree = "<group>"; };
		9A0705F42283EF6A003817A1 /* Assets.xcassets */ = {isa = PBXFileReference; lastKnownFileType = folder.assetcatalog; path = Assets.xcassets; sourceTree = "<group>"; };
		9A0705F72283EF6A003817A1 /* Base */ = {isa = PBXFileReference; lastKnownFileType = file.storyboard; name = Base; path = Base.lproj/LaunchScreen.storyboard; sourceTree = "<group>"; };
		9A0705F92283EF6A003817A1 /* Info.plist */ = {isa = PBXFileReference; lastKnownFileType = text.plist.xml; path = Info.plist; sourceTree = "<group>"; };
		9A16F838238B147A0096C0C2 /* Sorter.swift */ = {isa = PBXFileReference; lastKnownFileType = sourcecode.swift; path = Sorter.swift; sourceTree = "<group>"; };
		9A1E3DD8239EC81D0003A20C /* Skin.swift */ = {isa = PBXFileReference; lastKnownFileType = sourcecode.swift; path = Skin.swift; sourceTree = "<group>"; };
		9A3774CB23408B0C00C6982C /* ReportsDetailCell.swift */ = {isa = PBXFileReference; lastKnownFileType = sourcecode.swift; path = ReportsDetailCell.swift; sourceTree = "<group>"; };
		9A47104322C4F2F700A3662B /* Currency.swift */ = {isa = PBXFileReference; lastKnownFileType = sourcecode.swift; path = Currency.swift; sourceTree = "<group>"; };
		9A4DBCD12329EBAA0072B9A5 /* currencies.json */ = {isa = PBXFileReference; fileEncoding = 4; lastKnownFileType = text.json; path = currencies.json; sourceTree = "<group>"; };
		9A57A17022CC883900DC6624 /* WalletCell.swift */ = {isa = PBXFileReference; lastKnownFileType = sourcecode.swift; path = WalletCell.swift; sourceTree = "<group>"; };
		9A57A17222CF25FD00DC6624 /* IconView.swift */ = {isa = PBXFileReference; lastKnownFileType = sourcecode.swift; path = IconView.swift; sourceTree = "<group>"; };
		9A57A17422D0E2B700DC6624 /* CategoryList.swift */ = {isa = PBXFileReference; lastKnownFileType = sourcecode.swift; path = CategoryList.swift; sourceTree = "<group>"; };
		9A591D07231AC6C900F14E82 /* ReportsViewController.swift */ = {isa = PBXFileReference; lastKnownFileType = sourcecode.swift; path = ReportsViewController.swift; sourceTree = "<group>"; };
		9A591D09231BE1F400F14E82 /* Extensions.swift */ = {isa = PBXFileReference; lastKnownFileType = sourcecode.swift; path = Extensions.swift; sourceTree = "<group>"; };
		9A59684F233F1EFE00C83B7A /* ReportsDetailViewController.swift */ = {isa = PBXFileReference; lastKnownFileType = sourcecode.swift; path = ReportsDetailViewController.swift; sourceTree = "<group>"; };
		9A6A9C0C231D323A00A252E5 /* Dater.swift */ = {isa = PBXFileReference; lastKnownFileType = sourcecode.swift; path = Dater.swift; sourceTree = "<group>"; };
		9A6F4D0B233C6D9B0012F300 /* ReportsCell.swift */ = {isa = PBXFileReference; lastKnownFileType = sourcecode.swift; path = ReportsCell.swift; sourceTree = "<group>"; };
		9A7B4A3623557E0D00FA198C /* CategoryReportViewController.swift */ = {isa = PBXFileReference; lastKnownFileType = sourcecode.swift; path = CategoryReportViewController.swift; sourceTree = "<group>"; };
		9A7E8E1C232139890009365F /* TabBarViewController.swift */ = {isa = PBXFileReference; lastKnownFileType = sourcecode.swift; path = TabBarViewController.swift; sourceTree = "<group>"; };
		9A7E8E1E23213F380009365F /* BudgetViewController.swift */ = {isa = PBXFileReference; lastKnownFileType = sourcecode.swift; path = BudgetViewController.swift; sourceTree = "<group>"; };
		9A8F78F223A15B8000DCD9D2 /* Skins.json */ = {isa = PBXFileReference; fileEncoding = 4; lastKnownFileType = text.json; path = Skins.json; sourceTree = "<group>"; };
		9A8F78F623A15CC800DCD9D2 /* ColorChooserViewController.swift */ = {isa = PBXFileReference; lastKnownFileType = sourcecode.swift; path = ColorChooserViewController.swift; sourceTree = "<group>"; };
		9A8F78F823A1689C00DCD9D2 /* SkinChooserViewController.swift */ = {isa = PBXFileReference; lastKnownFileType = sourcecode.swift; path = SkinChooserViewController.swift; sourceTree = "<group>"; };
		9A8F78FA23A16AC100DCD9D2 /* ui colors copy.json */ = {isa = PBXFileReference; lastKnownFileType = text.json; path = "ui colors copy.json"; sourceTree = "<group>"; };
		9A8F78FD23A179A100DCD9D2 /* SkinCollectionViewCell.swift */ = {isa = PBXFileReference; lastKnownFileType = sourcecode.swift; name = SkinCollectionViewCell.swift; path = MoneyApp/SkinCollectionViewCell.swift; sourceTree = SOURCE_ROOT; };
		9A8F790123A2509C00DCD9D2 /* SkinHeaderView.swift */ = {isa = PBXFileReference; lastKnownFileType = sourcecode.swift; path = SkinHeaderView.swift; sourceTree = "<group>"; };
		9A90663A22D61D1B00DF9358 /* CurrencyListCell.swift */ = {isa = PBXFileReference; lastKnownFileType = sourcecode.swift; path = CurrencyListCell.swift; sourceTree = "<group>"; };
		9AB22B2122DEF6EC00AE145F /* WalletBarViewCell.swift */ = {isa = PBXFileReference; lastKnownFileType = sourcecode.swift; path = WalletBarViewCell.swift; sourceTree = "<group>"; };
		9AB9A64A230D797B008E4951 /* CategoryDetailViewController.swift */ = {isa = PBXFileReference; lastKnownFileType = sourcecode.swift; path = CategoryDetailViewController.swift; sourceTree = "<group>"; };
		9AB9A64C230EBA4B008E4951 /* ParentCategoriesTableViewController.swift */ = {isa = PBXFileReference; lastKnownFileType = sourcecode.swift; path = ParentCategoriesTableViewController.swift; sourceTree = "<group>"; };
		9AB9C6B322C3315900E401DC /* CategoryListViewController.swift */ = {isa = PBXFileReference; lastKnownFileType = sourcecode.swift; path = CategoryListViewController.swift; sourceTree = "<group>"; };
		9ACDDE5222AD3ACF00793219 /* TransactionCell.swift */ = {isa = PBXFileReference; lastKnownFileType = sourcecode.swift; path = TransactionCell.swift; sourceTree = "<group>"; };
		9ACDDE5622AE77B500793219 /* TransactionDetailViewController.swift */ = {isa = PBXFileReference; lastKnownFileType = sourcecode.swift; path = TransactionDetailViewController.swift; sourceTree = "<group>"; };
		9AE3BCB122C5DC6700089927 /* CurrencyTableViewController.swift */ = {isa = PBXFileReference; lastKnownFileType = sourcecode.swift; path = CurrencyTableViewController.swift; sourceTree = "<group>"; };
		9AE3BCB322C5ED3E00089927 /* StateController.swift */ = {isa = PBXFileReference; lastKnownFileType = sourcecode.swift; path = StateController.swift; sourceTree = "<group>"; };
		9AE3BCB522C5F02C00089927 /* WalletListViewController.swift */ = {isa = PBXFileReference; lastKnownFileType = sourcecode.swift; path = WalletListViewController.swift; sourceTree = "<group>"; };
		9AE3BCB722C5F75A00089927 /* WalletDetailViewController.swift */ = {isa = PBXFileReference; lastKnownFileType = sourcecode.swift; path = WalletDetailViewController.swift; sourceTree = "<group>"; };
		9AEC4CCF230997020059EFCF /* DateBarCell.swift */ = {isa = PBXFileReference; lastKnownFileType = sourcecode.swift; path = DateBarCell.swift; sourceTree = "<group>"; };
		F8AF828884BC35B3E3876870 /* Pods-MoneyApp.debug.xcconfig */ = {isa = PBXFileReference; includeInIndex = 1; lastKnownFileType = text.xcconfig; name = "Pods-MoneyApp.debug.xcconfig"; path = "Target Support Files/Pods-MoneyApp/Pods-MoneyApp.debug.xcconfig"; sourceTree = "<group>"; };
/* End PBXFileReference section */

/* Begin PBXFrameworksBuildPhase section */
		9A0705E72283EF68003817A1 /* Frameworks */ = {
			isa = PBXFrameworksBuildPhase;
			buildActionMask = 2147483647;
			files = (
				EC00FE8997324D1887D6A1DD /* Pods_MoneyApp.framework in Frameworks */,
			);
			runOnlyForDeploymentPostprocessing = 0;
		};
/* End PBXFrameworksBuildPhase section */

/* Begin PBXGroup section */
		6F3F72EB275EFFB37A2AC68B /* Pods */ = {
			isa = PBXGroup;
			children = (
				F8AF828884BC35B3E3876870 /* Pods-MoneyApp.debug.xcconfig */,
				34AE7B675A566C56788FEAAA /* Pods-MoneyApp.release.xcconfig */,
			);
			path = Pods;
			sourceTree = "<group>";
		};
		9A05558A22A18B41009398CD /* Model */ = {
			isa = PBXGroup;
			children = (
				9A1E3DD8239EC81D0003A20C /* Skin.swift */,
				9A591D09231BE1F400F14E82 /* Extensions.swift */,
				9AE3BCB322C5ED3E00089927 /* StateController.swift */,
				9A6A9C0C231D323A00A252E5 /* Dater.swift */,
				9A05558B22A18BA7009398CD /* Wallet.swift */,
				9A16F838238B147A0096C0C2 /* Sorter.swift */,
				9A05558622A18A5C009398CD /* Transaction.swift */,
				9A47104322C4F2F700A3662B /* Currency.swift */,
				9A05558822A18B3A009398CD /* Category.swift */,
				9A57A17422D0E2B700DC6624 /* CategoryList.swift */,
			);
			path = Model;
			sourceTree = "<group>";
		};
		9A0705E12283EF68003817A1 = {
			isa = PBXGroup;
			children = (
				9A0705EC2283EF68003817A1 /* MoneyApp */,
				9A0705EB2283EF68003817A1 /* Products */,
				6F3F72EB275EFFB37A2AC68B /* Pods */,
				F32928E07C3BC4446A4BD8E0 /* Frameworks */,
			);
			sourceTree = "<group>";
		};
		9A0705EB2283EF68003817A1 /* Products */ = {
			isa = PBXGroup;
			children = (
				9A0705EA2283EF68003817A1 /* MoneyApp.app */,
			);
			name = Products;
			sourceTree = "<group>";
		};
		9A0705EC2283EF68003817A1 /* MoneyApp */ = {
			isa = PBXGroup;
			children = (
				9A0705F12283EF68003817A1 /* Main.storyboard */,
				9AD3814722E9DAAE00344831 /* Controller */,
				9AD3814622E9DA9800344831 /* View */,
				9A05558A22A18B41009398CD /* Model */,
				9A0705FF2283EF7D003817A1 /* Supporting FIles */,
				9A0705F92283EF6A003817A1 /* Info.plist */,
			);
			path = MoneyApp;
			sourceTree = "<group>";
		};
		9A0705FF2283EF7D003817A1 /* Supporting FIles */ = {
			isa = PBXGroup;
			children = (
				9A4DBCD12329EBAA0072B9A5 /* currencies.json */,
				9A8F78F223A15B8000DCD9D2 /* Skins.json */,
				9A8F78FA23A16AC100DCD9D2 /* ui colors copy.json */,
				9A0705ED2283EF68003817A1 /* AppDelegate.swift */,
				9A0705F62283EF6A003817A1 /* LaunchScreen.storyboard */,
				9A0705F42283EF6A003817A1 /* Assets.xcassets */,
			);
			path = "Supporting FIles";
			sourceTree = "<group>";
		};
		9AD3814622E9DA9800344831 /* View */ = {
			isa = PBXGroup;
			children = (
				9A8F790123A2509C00DCD9D2 /* SkinHeaderView.swift */,
				9A8F78FD23A179A100DCD9D2 /* SkinCollectionViewCell.swift */,
				9ACDDE5222AD3ACF00793219 /* TransactionCell.swift */,
				9A57A17222CF25FD00DC6624 /* IconView.swift */,
				9A6F4D0B233C6D9B0012F300 /* ReportsCell.swift */,
				9A3774CB23408B0C00C6982C /* ReportsDetailCell.swift */,
				9A90663A22D61D1B00DF9358 /* CurrencyListCell.swift */,
				9A57A17022CC883900DC6624 /* WalletCell.swift */,
				9AB22B2122DEF6EC00AE145F /* WalletBarViewCell.swift */,
				9AEC4CCF230997020059EFCF /* DateBarCell.swift */,
			);
			path = View;
			sourceTree = "<group>";
		};
		9AD3814722E9DAAE00344831 /* Controller */ = {
			isa = PBXGroup;
			children = (
				9A8F78F623A15CC800DCD9D2 /* ColorChooserViewController.swift */,
				9A8F78F823A1689C00DCD9D2 /* SkinChooserViewController.swift */,
				9A05558422A18A2A009398CD /* TransactionsViewController.swift */,
				9ACDDE5622AE77B500793219 /* TransactionDetailViewController.swift */,
				9AB9C6B322C3315900E401DC /* CategoryListViewController.swift */,
				9AB9A64A230D797B008E4951 /* CategoryDetailViewController.swift */,
				9AB9A64C230EBA4B008E4951 /* ParentCategoriesTableViewController.swift */,
				9AE3BCB122C5DC6700089927 /* CurrencyTableViewController.swift */,
				9AE3BCB522C5F02C00089927 /* WalletListViewController.swift */,
				9AE3BCB722C5F75A00089927 /* WalletDetailViewController.swift */,
				9A591D07231AC6C900F14E82 /* ReportsViewController.swift */,
				9A59684F233F1EFE00C83B7A /* ReportsDetailViewController.swift */,
				9A7B4A3623557E0D00FA198C /* CategoryReportViewController.swift */,
				9A7E8E1E23213F380009365F /* BudgetViewController.swift */,
				9A7E8E1C232139890009365F /* TabBarViewController.swift */,
			);
			path = Controller;
			sourceTree = "<group>";
		};
		F32928E07C3BC4446A4BD8E0 /* Frameworks */ = {
			isa = PBXGroup;
			children = (
				05C58BCA1B8F7FD1AFB44BA1 /* Pods_MoneyApp.framework */,
			);
			name = Frameworks;
			sourceTree = "<group>";
		};
/* End PBXGroup section */

/* Begin PBXNativeTarget section */
		9A0705E92283EF68003817A1 /* MoneyApp */ = {
			isa = PBXNativeTarget;
			buildConfigurationList = 9A0705FC2283EF6A003817A1 /* Build configuration list for PBXNativeTarget "MoneyApp" */;
			buildPhases = (
				AFA42F0751FD9F04FBC8564D /* [CP] Check Pods Manifest.lock */,
				9A0705E62283EF68003817A1 /* Sources */,
				9A0705E72283EF68003817A1 /* Frameworks */,
				9A0705E82283EF68003817A1 /* Resources */,
				A20A176A7F6D11AC3D27A3F6 /* [CP] Embed Pods Frameworks */,
			);
			buildRules = (
			);
			dependencies = (
			);
			name = MoneyApp;
			productName = MoneyApp;
			productReference = 9A0705EA2283EF68003817A1 /* MoneyApp.app */;
			productType = "com.apple.product-type.application";
		};
/* End PBXNativeTarget section */

/* Begin PBXProject section */
		9A0705E22283EF68003817A1 /* Project object */ = {
			isa = PBXProject;
			attributes = {
				LastSwiftUpdateCheck = 1020;
				LastUpgradeCheck = 1020;
				ORGANIZATIONNAME = Orackle;
				TargetAttributes = {
					9A0705E92283EF68003817A1 = {
						CreatedOnToolsVersion = 10.2.1;
					};
				};
			};
			buildConfigurationList = 9A0705E52283EF68003817A1 /* Build configuration list for PBXProject "MoneyApp" */;
			compatibilityVersion = "Xcode 9.3";
			developmentRegion = en;
			hasScannedForEncodings = 0;
			knownRegions = (
				en,
				Base,
			);
			mainGroup = 9A0705E12283EF68003817A1;
			productRefGroup = 9A0705EB2283EF68003817A1 /* Products */;
			projectDirPath = "";
			projectRoot = "";
			targets = (
				9A0705E92283EF68003817A1 /* MoneyApp */,
			);
		};
/* End PBXProject section */

/* Begin PBXResourcesBuildPhase section */
		9A0705E82283EF68003817A1 /* Resources */ = {
			isa = PBXResourcesBuildPhase;
			buildActionMask = 2147483647;
			files = (
				9A0705F82283EF6A003817A1 /* LaunchScreen.storyboard in Resources */,
				9A0705F52283EF6A003817A1 /* Assets.xcassets in Resources */,
				9A8F78F323A15B8000DCD9D2 /* Skins.json in Resources */,
				9A4DBCD22329EBAA0072B9A5 /* currencies.json in Resources */,
				9A0705F32283EF68003817A1 /* Main.storyboard in Resources */,
			);
			runOnlyForDeploymentPostprocessing = 0;
		};
/* End PBXResourcesBuildPhase section */

/* Begin PBXShellScriptBuildPhase section */
		A20A176A7F6D11AC3D27A3F6 /* [CP] Embed Pods Frameworks */ = {
			isa = PBXShellScriptBuildPhase;
			buildActionMask = 2147483647;
			files = (
			);
			inputFileListPaths = (
				"${PODS_ROOT}/Target Support Files/Pods-MoneyApp/Pods-MoneyApp-frameworks-${CONFIGURATION}-input-files.xcfilelist",
			);
			name = "[CP] Embed Pods Frameworks";
			outputFileListPaths = (
				"${PODS_ROOT}/Target Support Files/Pods-MoneyApp/Pods-MoneyApp-frameworks-${CONFIGURATION}-output-files.xcfilelist",
			);
			runOnlyForDeploymentPostprocessing = 0;
			shellPath = /bin/sh;
			shellScript = "\"${PODS_ROOT}/Target Support Files/Pods-MoneyApp/Pods-MoneyApp-frameworks.sh\"\n";
			showEnvVarsInLog = 0;
		};
		AFA42F0751FD9F04FBC8564D /* [CP] Check Pods Manifest.lock */ = {
			isa = PBXShellScriptBuildPhase;
			buildActionMask = 2147483647;
			files = (
			);
			inputFileListPaths = (
			);
			inputPaths = (
				"${PODS_PODFILE_DIR_PATH}/Podfile.lock",
				"${PODS_ROOT}/Manifest.lock",
			);
			name = "[CP] Check Pods Manifest.lock";
			outputFileListPaths = (
			);
			outputPaths = (
				"$(DERIVED_FILE_DIR)/Pods-MoneyApp-checkManifestLockResult.txt",
			);
			runOnlyForDeploymentPostprocessing = 0;
			shellPath = /bin/sh;
			shellScript = "diff \"${PODS_PODFILE_DIR_PATH}/Podfile.lock\" \"${PODS_ROOT}/Manifest.lock\" > /dev/null\nif [ $? != 0 ] ; then\n    # print error to STDERR\n    echo \"error: The sandbox is not in sync with the Podfile.lock. Run 'pod install' or update your CocoaPods installation.\" >&2\n    exit 1\nfi\n# This output is used by Xcode 'outputs' to avoid re-running this script phase.\necho \"SUCCESS\" > \"${SCRIPT_OUTPUT_FILE_0}\"\n";
			showEnvVarsInLog = 0;
		};
/* End PBXShellScriptBuildPhase section */

/* Begin PBXSourcesBuildPhase section */
		9A0705E62283EF68003817A1 /* Sources */ = {
			isa = PBXSourcesBuildPhase;
			buildActionMask = 2147483647;
			files = (
				9A591D0A231BE1F400F14E82 /* Extensions.swift in Sources */,
				9A47104422C4F2F700A3662B /* Currency.swift in Sources */,
				9AE3BCB622C5F02C00089927 /* WalletListViewController.swift in Sources */,
				9AE3BCB422C5ED3E00089927 /* StateController.swift in Sources */,
				9ACDDE5722AE77B500793219 /* TransactionDetailViewController.swift in Sources */,
				9A7E8E1F23213F380009365F /* BudgetViewController.swift in Sources */,
				9A05558C22A18BA8009398CD /* Wallet.swift in Sources */,
				9A05558522A18A2A009398CD /* TransactionsViewController.swift in Sources */,
				9A591D08231AC6C900F14E82 /* ReportsViewController.swift in Sources */,
				9AE3BCB222C5DC6700089927 /* CurrencyTableViewController.swift in Sources */,
				9A90663B22D61D1B00DF9358 /* CurrencyListCell.swift in Sources */,
				9A8F78FE23A179A100DCD9D2 /* SkinCollectionViewCell.swift in Sources */,
				9A6F4D0C233C6D9B0012F300 /* ReportsCell.swift in Sources */,
				9AB9A64D230EBA4B008E4951 /* ParentCategoriesTableViewController.swift in Sources */,
				9A57A17522D0E2B700DC6624 /* CategoryList.swift in Sources */,
				9A8F78F923A1689C00DCD9D2 /* SkinChooserViewController.swift in Sources */,
				9A16F839238B147A0096C0C2 /* Sorter.swift in Sources */,
				9AB9A64B230D797B008E4951 /* CategoryDetailViewController.swift in Sources */,
				9A7E8E1D232139890009365F /* TabBarViewController.swift in Sources */,
				9A8F78F723A15CC800DCD9D2 /* ColorChooserViewController.swift in Sources */,
				9A7B4A3723557E0D00FA198C /* CategoryReportViewController.swift in Sources */,
				9AB22B2222DEF6EC00AE145F /* WalletBarViewCell.swift in Sources */,
				9AEC4CD0230997020059EFCF /* DateBarCell.swift in Sources */,
				9A05558922A18B3A009398CD /* Category.swift in Sources */,
				9A8F790223A2509C00DCD9D2 /* SkinHeaderView.swift in Sources */,
				9A0705EE2283EF68003817A1 /* AppDelegate.swift in Sources */,
				9ACDDE5322AD3ACF00793219 /* TransactionCell.swift in Sources */,
				9A3774CC23408B0C00C6982C /* ReportsDetailCell.swift in Sources */,
				9A57A17322CF25FD00DC6624 /* IconView.swift in Sources */,
				9A57A17122CC883900DC6624 /* WalletCell.swift in Sources */,
				9A1E3DD9239EC81D0003A20C /* Skin.swift in Sources */,
				9AB9C6B422C3315900E401DC /* CategoryListViewController.swift in Sources */,
				9A596850233F1EFE00C83B7A /* ReportsDetailViewController.swift in Sources */,
				9AE3BCB822C5F75A00089927 /* WalletDetailViewController.swift in Sources */,
				9A6A9C0D231D323A00A252E5 /* Dater.swift in Sources */,
				9A05558722A18A5C009398CD /* Transaction.swift in Sources */,
			);
			runOnlyForDeploymentPostprocessing = 0;
		};
/* End PBXSourcesBuildPhase section */

/* Begin PBXVariantGroup section */
		9A0705F12283EF68003817A1 /* Main.storyboard */ = {
			isa = PBXVariantGroup;
			children = (
				9A0705F22283EF68003817A1 /* Base */,
			);
			name = Main.storyboard;
			sourceTree = "<group>";
		};
		9A0705F62283EF6A003817A1 /* LaunchScreen.storyboard */ = {
			isa = PBXVariantGroup;
			children = (
				9A0705F72283EF6A003817A1 /* Base */,
			);
			name = LaunchScreen.storyboard;
			sourceTree = "<group>";
		};
/* End PBXVariantGroup section */

/* Begin XCBuildConfiguration section */
		9A0705FA2283EF6A003817A1 /* Debug */ = {
			isa = XCBuildConfiguration;
			buildSettings = {
				ALWAYS_SEARCH_USER_PATHS = NO;
				CLANG_ANALYZER_NONNULL = YES;
				CLANG_ANALYZER_NUMBER_OBJECT_CONVERSION = YES_AGGRESSIVE;
				CLANG_CXX_LANGUAGE_STANDARD = "gnu++14";
				CLANG_CXX_LIBRARY = "libc++";
				CLANG_ENABLE_MODULES = YES;
				CLANG_ENABLE_OBJC_ARC = YES;
				CLANG_ENABLE_OBJC_WEAK = YES;
				CLANG_WARN_BLOCK_CAPTURE_AUTORELEASING = YES;
				CLANG_WARN_BOOL_CONVERSION = YES;
				CLANG_WARN_COMMA = YES;
				CLANG_WARN_CONSTANT_CONVERSION = YES;
				CLANG_WARN_DEPRECATED_OBJC_IMPLEMENTATIONS = YES;
				CLANG_WARN_DIRECT_OBJC_ISA_USAGE = YES_ERROR;
				CLANG_WARN_DOCUMENTATION_COMMENTS = YES;
				CLANG_WARN_EMPTY_BODY = YES;
				CLANG_WARN_ENUM_CONVERSION = YES;
				CLANG_WARN_INFINITE_RECURSION = YES;
				CLANG_WARN_INT_CONVERSION = YES;
				CLANG_WARN_NON_LITERAL_NULL_CONVERSION = YES;
				CLANG_WARN_OBJC_IMPLICIT_RETAIN_SELF = YES;
				CLANG_WARN_OBJC_LITERAL_CONVERSION = YES;
				CLANG_WARN_OBJC_ROOT_CLASS = YES_ERROR;
				CLANG_WARN_RANGE_LOOP_ANALYSIS = YES;
				CLANG_WARN_STRICT_PROTOTYPES = YES;
				CLANG_WARN_SUSPICIOUS_MOVE = YES;
				CLANG_WARN_UNGUARDED_AVAILABILITY = YES_AGGRESSIVE;
				CLANG_WARN_UNREACHABLE_CODE = YES;
				CLANG_WARN__DUPLICATE_METHOD_MATCH = YES;
				CODE_SIGN_IDENTITY = "iPhone Developer";
				COPY_PHASE_STRIP = NO;
				DEBUG_INFORMATION_FORMAT = dwarf;
				ENABLE_STRICT_OBJC_MSGSEND = YES;
				ENABLE_TESTABILITY = YES;
				GCC_C_LANGUAGE_STANDARD = gnu11;
				GCC_DYNAMIC_NO_PIC = NO;
				GCC_NO_COMMON_BLOCKS = YES;
				GCC_OPTIMIZATION_LEVEL = 0;
				GCC_PREPROCESSOR_DEFINITIONS = (
					"DEBUG=1",
					"$(inherited)",
				);
				GCC_WARN_64_TO_32_BIT_CONVERSION = YES;
				GCC_WARN_ABOUT_RETURN_TYPE = YES_ERROR;
				GCC_WARN_UNDECLARED_SELECTOR = YES;
				GCC_WARN_UNINITIALIZED_AUTOS = YES_AGGRESSIVE;
				GCC_WARN_UNUSED_FUNCTION = YES;
				GCC_WARN_UNUSED_VARIABLE = YES;
				IPHONEOS_DEPLOYMENT_TARGET = 11.0;
				MTL_ENABLE_DEBUG_INFO = INCLUDE_SOURCE;
				MTL_FAST_MATH = YES;
				ONLY_ACTIVE_ARCH = YES;
				SDKROOT = iphoneos;
				SWIFT_ACTIVE_COMPILATION_CONDITIONS = DEBUG;
				SWIFT_OPTIMIZATION_LEVEL = "-Onone";
			};
			name = Debug;
		};
		9A0705FB2283EF6A003817A1 /* Release */ = {
			isa = XCBuildConfiguration;
			buildSettings = {
				ALWAYS_SEARCH_USER_PATHS = NO;
				CLANG_ANALYZER_NONNULL = YES;
				CLANG_ANALYZER_NUMBER_OBJECT_CONVERSION = YES_AGGRESSIVE;
				CLANG_CXX_LANGUAGE_STANDARD = "gnu++14";
				CLANG_CXX_LIBRARY = "libc++";
				CLANG_ENABLE_MODULES = YES;
				CLANG_ENABLE_OBJC_ARC = YES;
				CLANG_ENABLE_OBJC_WEAK = YES;
				CLANG_WARN_BLOCK_CAPTURE_AUTORELEASING = YES;
				CLANG_WARN_BOOL_CONVERSION = YES;
				CLANG_WARN_COMMA = YES;
				CLANG_WARN_CONSTANT_CONVERSION = YES;
				CLANG_WARN_DEPRECATED_OBJC_IMPLEMENTATIONS = YES;
				CLANG_WARN_DIRECT_OBJC_ISA_USAGE = YES_ERROR;
				CLANG_WARN_DOCUMENTATION_COMMENTS = YES;
				CLANG_WARN_EMPTY_BODY = YES;
				CLANG_WARN_ENUM_CONVERSION = YES;
				CLANG_WARN_INFINITE_RECURSION = YES;
				CLANG_WARN_INT_CONVERSION = YES;
				CLANG_WARN_NON_LITERAL_NULL_CONVERSION = YES;
				CLANG_WARN_OBJC_IMPLICIT_RETAIN_SELF = YES;
				CLANG_WARN_OBJC_LITERAL_CONVERSION = YES;
				CLANG_WARN_OBJC_ROOT_CLASS = YES_ERROR;
				CLANG_WARN_RANGE_LOOP_ANALYSIS = YES;
				CLANG_WARN_STRICT_PROTOTYPES = YES;
				CLANG_WARN_SUSPICIOUS_MOVE = YES;
				CLANG_WARN_UNGUARDED_AVAILABILITY = YES_AGGRESSIVE;
				CLANG_WARN_UNREACHABLE_CODE = YES;
				CLANG_WARN__DUPLICATE_METHOD_MATCH = YES;
				CODE_SIGN_IDENTITY = "iPhone Developer";
				COPY_PHASE_STRIP = NO;
				DEBUG_INFORMATION_FORMAT = "dwarf-with-dsym";
				ENABLE_NS_ASSERTIONS = NO;
				ENABLE_STRICT_OBJC_MSGSEND = YES;
				GCC_C_LANGUAGE_STANDARD = gnu11;
				GCC_NO_COMMON_BLOCKS = YES;
				GCC_WARN_64_TO_32_BIT_CONVERSION = YES;
				GCC_WARN_ABOUT_RETURN_TYPE = YES_ERROR;
				GCC_WARN_UNDECLARED_SELECTOR = YES;
				GCC_WARN_UNINITIALIZED_AUTOS = YES_AGGRESSIVE;
				GCC_WARN_UNUSED_FUNCTION = YES;
				GCC_WARN_UNUSED_VARIABLE = YES;
				IPHONEOS_DEPLOYMENT_TARGET = 11.0;
				MTL_ENABLE_DEBUG_INFO = NO;
				MTL_FAST_MATH = YES;
				SDKROOT = iphoneos;
				SWIFT_COMPILATION_MODE = wholemodule;
				SWIFT_OPTIMIZATION_LEVEL = "-O";
				VALIDATE_PRODUCT = YES;
			};
			name = Release;
		};
		9A0705FD2283EF6A003817A1 /* Debug */ = {
			isa = XCBuildConfiguration;
			baseConfigurationReference = F8AF828884BC35B3E3876870 /* Pods-MoneyApp.debug.xcconfig */;
			buildSettings = {
				ASSETCATALOG_COMPILER_APPICON_NAME = AppIcon;
				CODE_SIGN_STYLE = Automatic;
				DEVELOPMENT_TEAM = B72C2658L8;
				INFOPLIST_FILE = MoneyApp/Info.plist;
				IPHONEOS_DEPLOYMENT_TARGET = 11.0;
				LD_RUNPATH_SEARCH_PATHS = (
					"$(inherited)",
					"@executable_path/Frameworks",
				);
				PRODUCT_BUNDLE_IDENTIFIER = orackle.MoneyApp;
				PRODUCT_NAME = "$(TARGET_NAME)";
				SWIFT_VERSION = 5.0;
				TARGETED_DEVICE_FAMILY = "1,2";
			};
			name = Debug;
		};
		9A0705FE2283EF6A003817A1 /* Release */ = {
			isa = XCBuildConfiguration;
			baseConfigurationReference = 34AE7B675A566C56788FEAAA /* Pods-MoneyApp.release.xcconfig */;
			buildSettings = {
				ASSETCATALOG_COMPILER_APPICON_NAME = AppIcon;
				CODE_SIGN_STYLE = Automatic;
				DEVELOPMENT_TEAM = B72C2658L8;
				INFOPLIST_FILE = MoneyApp/Info.plist;
				IPHONEOS_DEPLOYMENT_TARGET = 11.0;
				LD_RUNPATH_SEARCH_PATHS = (
					"$(inherited)",
					"@executable_path/Frameworks",
				);
				PRODUCT_BUNDLE_IDENTIFIER = orackle.MoneyApp;
				PRODUCT_NAME = "$(TARGET_NAME)";
				SWIFT_VERSION = 5.0;
				TARGETED_DEVICE_FAMILY = "1,2";
			};
			name = Release;
		};
/* End XCBuildConfiguration section */

/* Begin XCConfigurationList section */
		9A0705E52283EF68003817A1 /* Build configuration list for PBXProject "MoneyApp" */ = {
			isa = XCConfigurationList;
			buildConfigurations = (
				9A0705FA2283EF6A003817A1 /* Debug */,
				9A0705FB2283EF6A003817A1 /* Release */,
			);
			defaultConfigurationIsVisible = 0;
			defaultConfigurationName = Release;
		};
		9A0705FC2283EF6A003817A1 /* Build configuration list for PBXNativeTarget "MoneyApp" */ = {
			isa = XCConfigurationList;
			buildConfigurations = (
				9A0705FD2283EF6A003817A1 /* Debug */,
				9A0705FE2283EF6A003817A1 /* Release */,
			);
			defaultConfigurationIsVisible = 0;
			defaultConfigurationName = Release;
		};
/* End XCConfigurationList section */
	};
	rootObject = 9A0705E22283EF68003817A1 /* Project object */;
}
