// !$*UTF8*$!
{
	archiveVersion = 1;
	classes = {
	};
	objectVersion = 50;
	objects = {

/* Begin PBXBuildFile section */
		9A05558522A18A2A009398CD /* TransactionsViewController.swift in Sources */ = {isa = PBXBuildFile; fileRef = 9A05558422A18A2A009398CD /* TransactionsViewController.swift */; };
		9A05558722A18A5C009398CD /* Transaction.swift in Sources */ = {isa = PBXBuildFile; fileRef = 9A05558622A18A5C009398CD /* Transaction.swift */; };
		9A05558922A18B3A009398CD /* Categories.swift in Sources */ = {isa = PBXBuildFile; fileRef = 9A05558822A18B3A009398CD /* Categories.swift */; };
		9A05558C22A18BA8009398CD /* Wallet.swift in Sources */ = {isa = PBXBuildFile; fileRef = 9A05558B22A18BA7009398CD /* Wallet.swift */; };
		9A0705EE2283EF68003817A1 /* AppDelegate.swift in Sources */ = {isa = PBXBuildFile; fileRef = 9A0705ED2283EF68003817A1 /* AppDelegate.swift */; };
		9A0705F32283EF68003817A1 /* Main.storyboard in Resources */ = {isa = PBXBuildFile; fileRef = 9A0705F12283EF68003817A1 /* Main.storyboard */; };
		9A0705F52283EF6A003817A1 /* Assets.xcassets in Resources */ = {isa = PBXBuildFile; fileRef = 9A0705F42283EF6A003817A1 /* Assets.xcassets */; };
		9A0705F82283EF6A003817A1 /* LaunchScreen.storyboard in Resources */ = {isa = PBXBuildFile; fileRef = 9A0705F62283EF6A003817A1 /* LaunchScreen.storyboard */; };
		9ACDDE5322AD3ACF00793219 /* TransactionTableViewCell.swift in Sources */ = {isa = PBXBuildFile; fileRef = 9ACDDE5222AD3ACF00793219 /* TransactionTableViewCell.swift */; };
		9ACDDE5722AE77B500793219 /* TransactionDetailViewController.swift in Sources */ = {isa = PBXBuildFile; fileRef = 9ACDDE5622AE77B500793219 /* TransactionDetailViewController.swift */; };
/* End PBXBuildFile section */

/* Begin PBXFileReference section */
		9A05558422A18A2A009398CD /* TransactionsViewController.swift */ = {isa = PBXFileReference; lastKnownFileType = sourcecode.swift; path = TransactionsViewController.swift; sourceTree = "<group>"; };
		9A05558622A18A5C009398CD /* Transaction.swift */ = {isa = PBXFileReference; lastKnownFileType = sourcecode.swift; path = Transaction.swift; sourceTree = "<group>"; };
		9A05558822A18B3A009398CD /* Categories.swift */ = {isa = PBXFileReference; lastKnownFileType = sourcecode.swift; path = Categories.swift; sourceTree = "<group>"; };
		9A05558B22A18BA7009398CD /* Wallet.swift */ = {isa = PBXFileReference; lastKnownFileType = sourcecode.swift; path = Wallet.swift; sourceTree = "<group>"; };
		9A0705EA2283EF68003817A1 /* MoneyApp.app */ = {isa = PBXFileReference; explicitFileType = wrapper.application; includeInIndex = 0; path = MoneyApp.app; sourceTree = BUILT_PRODUCTS_DIR; };
		9A0705ED2283EF68003817A1 /* AppDelegate.swift */ = {isa = PBXFileReference; lastKnownFileType = sourcecode.swift; path = AppDelegate.swift; sourceTree = "<group>"; };
		9A0705F22283EF68003817A1 /* Base */ = {isa = PBXFileReference; lastKnownFileType = file.storyboard; name = Base; path = Base.lproj/Main.storyboard; sourceTree = "<group>"; };
		9A0705F42283EF6A003817A1 /* Assets.xcassets */ = {isa = PBXFileReference; lastKnownFileType = folder.assetcatalog; path = Assets.xcassets; sourceTree = "<group>"; };
		9A0705F72283EF6A003817A1 /* Base */ = {isa = PBXFileReference; lastKnownFileType = file.storyboard; name = Base; path = Base.lproj/LaunchScreen.storyboard; sourceTree = "<group>"; };
		9A0705F92283EF6A003817A1 /* Info.plist */ = {isa = PBXFileReference; lastKnownFileType = text.plist.xml; path = Info.plist; sourceTree = "<group>"; };
		9ACDDE5222AD3ACF00793219 /* TransactionTableViewCell.swift */ = {isa = PBXFileReference; lastKnownFileType = sourcecode.swift; path = TransactionTableViewCell.swift; sourceTree = "<group>"; };
		9ACDDE5622AE77B500793219 /* TransactionDetailViewController.swift */ = {isa = PBXFileReference; lastKnownFileType = sourcecode.swift; path = TransactionDetailViewController.swift; sourceTree = "<group>"; };
/* End PBXFileReference section */

/* Begin PBXFrameworksBuildPhase section */
		9A0705E72283EF68003817A1 /* Frameworks */ = {
			isa = PBXFrameworksBuildPhase;
			buildActionMask = 2147483647;
			files = (
			);
			runOnlyForDeploymentPostprocessing = 0;
		};
/* End PBXFrameworksBuildPhase section */

/* Begin PBXGroup section */
		9A05558A22A18B41009398CD /* Model */ = {
			isa = PBXGroup;
			children = (
				9A05558622A18A5C009398CD /* Transaction.swift */,
				9A05558B22A18BA7009398CD /* Wallet.swift */,
				9A05558822A18B3A009398CD /* Categories.swift */,
			);
			path = Model;
			sourceTree = "<group>";
		};
		9A0705E12283EF68003817A1 = {
			isa = PBXGroup;
			children = (
				9A0705EC2283EF68003817A1 /* MoneyApp */,
				9A0705EB2283EF68003817A1 /* Products */,
			);
			sourceTree = "<group>";
		};
		9A0705EB2283EF68003817A1 /* Products */ = {
			isa = PBXGroup;
			children = (
				9A0705EA2283EF68003817A1 /* MoneyApp.app */,
			);
			name = Products;
			sourceTree = "<group>";
		};
		9A0705EC2283EF68003817A1 /* MoneyApp */ = {
			isa = PBXGroup;
			children = (
				9A05558422A18A2A009398CD /* TransactionsViewController.swift */,
				9A0705F12283EF68003817A1 /* Main.storyboard */,
				9ACDDE5622AE77B500793219 /* TransactionDetailViewController.swift */,
				9ACDDE5222AD3ACF00793219 /* TransactionTableViewCell.swift */,
				9A0705F92283EF6A003817A1 /* Info.plist */,
				9A05558A22A18B41009398CD /* Model */,
				9A0705FF2283EF7D003817A1 /* Supporting FIles */,
			);
			path = MoneyApp;
			sourceTree = "<group>";
		};
		9A0705FF2283EF7D003817A1 /* Supporting FIles */ = {
			isa = PBXGroup;
			children = (
				9A0705ED2283EF68003817A1 /* AppDelegate.swift */,
				9A0705F42283EF6A003817A1 /* Assets.xcassets */,
				9A0705F62283EF6A003817A1 /* LaunchScreen.storyboard */,
			);
			path = "Supporting FIles";
			sourceTree = "<group>";
		};
/* End PBXGroup section */

/* Begin PBXNativeTarget section */
		9A0705E92283EF68003817A1 /* MoneyApp */ = {
			isa = PBXNativeTarget;
			buildConfigurationList = 9A0705FC2283EF6A003817A1 /* Build configuration list for PBXNativeTarget "MoneyApp" */;
			buildPhases = (
				9A0705E62283EF68003817A1 /* Sources */,
				9A0705E72283EF68003817A1 /* Frameworks */,
				9A0705E82283EF68003817A1 /* Resources */,
			);
			buildRules = (
			);
			dependencies = (
			);
			name = MoneyApp;
			productName = MoneyApp;
			productReference = 9A0705EA2283EF68003817A1 /* MoneyApp.app */;
			productType = "com.apple.product-type.application";
		};
/* End PBXNativeTarget section */

/* Begin PBXProject section */
		9A0705E22283EF68003817A1 /* Project object */ = {
			isa = PBXProject;
			attributes = {
				LastSwiftUpdateCheck = 1020;
				LastUpgradeCheck = 1020;
				ORGANIZATIONNAME = Orackle;
				TargetAttributes = {
					9A0705E92283EF68003817A1 = {
						CreatedOnToolsVersion = 10.2.1;
					};
				};
			};
			buildConfigurationList = 9A0705E52283EF68003817A1 /* Build configuration list for PBXProject "MoneyApp" */;
			compatibilityVersion = "Xcode 9.3";
			developmentRegion = en;
			hasScannedForEncodings = 0;
			knownRegions = (
				en,
				Base,
			);
			mainGroup = 9A0705E12283EF68003817A1;
			productRefGroup = 9A0705EB2283EF68003817A1 /* Products */;
			projectDirPath = "";
			projectRoot = "";
			targets = (
				9A0705E92283EF68003817A1 /* MoneyApp */,
			);
		};
/* End PBXProject section */

/* Begin PBXResourcesBuildPhase section */
		9A0705E82283EF68003817A1 /* Resources */ = {
			isa = PBXResourcesBuildPhase;
			buildActionMask = 2147483647;
			files = (
				9A0705F82283EF6A003817A1 /* LaunchScreen.storyboard in Resources */,
				9A0705F52283EF6A003817A1 /* Assets.xcassets in Resources */,
				9A0705F32283EF68003817A1 /* Main.storyboard in Resources */,
			);
			runOnlyForDeploymentPostprocessing = 0;
		};
/* End PBXResourcesBuildPhase section */

/* Begin PBXSourcesBuildPhase section */
		9A0705E62283EF68003817A1 /* Sources */ = {
			isa = PBXSourcesBuildPhase;
			buildActionMask = 2147483647;
			files = (
				9ACDDE5722AE77B500793219 /* TransactionDetailViewController.swift in Sources */,
				9A05558C22A18BA8009398CD /* Wallet.swift in Sources */,
				9A05558522A18A2A009398CD /* TransactionsViewController.swift in Sources */,
				9A05558922A18B3A009398CD /* Categories.swift in Sources */,
				9A0705EE2283EF68003817A1 /* AppDelegate.swift in Sources */,
				9ACDDE5322AD3ACF00793219 /* TransactionTableViewCell.swift in Sources */,
				9A05558722A18A5C009398CD /* Transaction.swift in Sources */,
			);
			runOnlyForDeploymentPostprocessing = 0;
		};
/* End PBXSourcesBuildPhase section */

/* Begin PBXVariantGroup section */
		9A0705F12283EF68003817A1 /* Main.storyboard */ = {
			isa = PBXVariantGroup;
			children = (
				9A0705F22283EF68003817A1 /* Base */,
			);
			name = Main.storyboard;
			sourceTree = "<group>";
		};
		9A0705F62283EF6A003817A1 /* LaunchScreen.storyboard */ = {
			isa = PBXVariantGroup;
			children = (
				9A0705F72283EF6A003817A1 /* Base */,
			);
			name = LaunchScreen.storyboard;
			sourceTree = "<group>";
		};
/* End PBXVariantGroup section */

/* Begin XCBuildConfiguration section */
		9A0705FA2283EF6A003817A1 /* Debug */ = {
			isa = XCBuildConfiguration;
			buildSettings = {
				ALWAYS_SEARCH_USER_PATHS = NO;
				CLANG_ANALYZER_NONNULL = YES;
				CLANG_ANALYZER_NUMBER_OBJECT_CONVERSION = YES_AGGRESSIVE;
				CLANG_CXX_LANGUAGE_STANDARD = "gnu++14";
				CLANG_CXX_LIBRARY = "libc++";
				CLANG_ENABLE_MODULES = YES;
				CLANG_ENABLE_OBJC_ARC = YES;
				CLANG_ENABLE_OBJC_WEAK = YES;
				CLANG_WARN_BLOCK_CAPTURE_AUTORELEASING = YES;
				CLANG_WARN_BOOL_CONVERSION = YES;
				CLANG_WARN_COMMA = YES;
				CLANG_WARN_CONSTANT_CONVERSION = YES;
				CLANG_WARN_DEPRECATED_OBJC_IMPLEMENTATIONS = YES;
				CLANG_WARN_DIRECT_OBJC_ISA_USAGE = YES_ERROR;
				CLANG_WARN_DOCUMENTATION_COMMENTS = YES;
				CLANG_WARN_EMPTY_BODY = YES;
				CLANG_WARN_ENUM_CONVERSION = YES;
				CLANG_WARN_INFINITE_RECURSION = YES;
				CLANG_WARN_INT_CONVERSION = YES;
				CLANG_WARN_NON_LITERAL_NULL_CONVERSION = YES;
				CLANG_WARN_OBJC_IMPLICIT_RETAIN_SELF = YES;
				CLANG_WARN_OBJC_LITERAL_CONVERSION = YES;
				CLANG_WARN_OBJC_ROOT_CLASS = YES_ERROR;
				CLANG_WARN_RANGE_LOOP_ANALYSIS = YES;
				CLANG_WARN_STRICT_PROTOTYPES = YES;
				CLANG_WARN_SUSPICIOUS_MOVE = YES;
				CLANG_WARN_UNGUARDED_AVAILABILITY = YES_AGGRESSIVE;
				CLANG_WARN_UNREACHABLE_CODE = YES;
				CLANG_WARN__DUPLICATE_METHOD_MATCH = YES;
				CODE_SIGN_IDENTITY = "iPhone Developer";
				COPY_PHASE_STRIP = NO;
				DEBUG_INFORMATION_FORMAT = dwarf;
				ENABLE_STRICT_OBJC_MSGSEND = YES;
				ENABLE_TESTABILITY = YES;
				GCC_C_LANGUAGE_STANDARD = gnu11;
				GCC_DYNAMIC_NO_PIC = NO;
				GCC_NO_COMMON_BLOCKS = YES;
				GCC_OPTIMIZATION_LEVEL = 0;
				GCC_PREPROCESSOR_DEFINITIONS = (
					"DEBUG=1",
					"$(inherited)",
				);
				GCC_WARN_64_TO_32_BIT_CONVERSION = YES;
				GCC_WARN_ABOUT_RETURN_TYPE = YES_ERROR;
				GCC_WARN_UNDECLARED_SELECTOR = YES;
				GCC_WARN_UNINITIALIZED_AUTOS = YES_AGGRESSIVE;
				GCC_WARN_UNUSED_FUNCTION = YES;
				GCC_WARN_UNUSED_VARIABLE = YES;
				IPHONEOS_DEPLOYMENT_TARGET = 12.2;
				MTL_ENABLE_DEBUG_INFO = INCLUDE_SOURCE;
				MTL_FAST_MATH = YES;
				ONLY_ACTIVE_ARCH = YES;
				SDKROOT = iphoneos;
				SWIFT_ACTIVE_COMPILATION_CONDITIONS = DEBUG;
				SWIFT_OPTIMIZATION_LEVEL = "-Onone";
			};
			name = Debug;
		};
		9A0705FB2283EF6A003817A1 /* Release */ = {
			isa = XCBuildConfiguration;
			buildSettings = {
				ALWAYS_SEARCH_USER_PATHS = NO;
				CLANG_ANALYZER_NONNULL = YES;
				CLANG_ANALYZER_NUMBER_OBJECT_CONVERSION = YES_AGGRESSIVE;
				CLANG_CXX_LANGUAGE_STANDARD = "gnu++14";
				CLANG_CXX_LIBRARY = "libc++";
				CLANG_ENABLE_MODULES = YES;
				CLANG_ENABLE_OBJC_ARC = YES;
				CLANG_ENABLE_OBJC_WEAK = YES;
				CLANG_WARN_BLOCK_CAPTURE_AUTORELEASING = YES;
				CLANG_WARN_BOOL_CONVERSION = YES;
				CLANG_WARN_COMMA = YES;
				CLANG_WARN_CONSTANT_CONVERSION = YES;
				CLANG_WARN_DEPRECATED_OBJC_IMPLEMENTATIONS = YES;
				CLANG_WARN_DIRECT_OBJC_ISA_USAGE = YES_ERROR;
				CLANG_WARN_DOCUMENTATION_COMMENTS = YES;
				CLANG_WARN_EMPTY_BODY = YES;
				CLANG_WARN_ENUM_CONVERSION = YES;
				CLANG_WARN_INFINITE_RECURSION = YES;
				CLANG_WARN_INT_CONVERSION = YES;
				CLANG_WARN_NON_LITERAL_NULL_CONVERSION = YES;
				CLANG_WARN_OBJC_IMPLICIT_RETAIN_SELF = YES;
				CLANG_WARN_OBJC_LITERAL_CONVERSION = YES;
				CLANG_WARN_OBJC_ROOT_CLASS = YES_ERROR;
				CLANG_WARN_RANGE_LOOP_ANALYSIS = YES;
				CLANG_WARN_STRICT_PROTOTYPES = YES;
				CLANG_WARN_SUSPICIOUS_MOVE = YES;
				CLANG_WARN_UNGUARDED_AVAILABILITY = YES_AGGRESSIVE;
				CLANG_WARN_UNREACHABLE_CODE = YES;
				CLANG_WARN__DUPLICATE_METHOD_MATCH = YES;
				CODE_SIGN_IDENTITY = "iPhone Developer";
				COPY_PHASE_STRIP = NO;
				DEBUG_INFORMATION_FORMAT = "dwarf-with-dsym";
				ENABLE_NS_ASSERTIONS = NO;
				ENABLE_STRICT_OBJC_MSGSEND = YES;
				GCC_C_LANGUAGE_STANDARD = gnu11;
				GCC_NO_COMMON_BLOCKS = YES;
				GCC_WARN_64_TO_32_BIT_CONVERSION = YES;
				GCC_WARN_ABOUT_RETURN_TYPE = YES_ERROR;
				GCC_WARN_UNDECLARED_SELECTOR = YES;
				GCC_WARN_UNINITIALIZED_AUTOS = YES_AGGRESSIVE;
				GCC_WARN_UNUSED_FUNCTION = YES;
				GCC_WARN_UNUSED_VARIABLE = YES;
				IPHONEOS_DEPLOYMENT_TARGET = 12.2;
				MTL_ENABLE_DEBUG_INFO = NO;
				MTL_FAST_MATH = YES;
				SDKROOT = iphoneos;
				SWIFT_COMPILATION_MODE = wholemodule;
				SWIFT_OPTIMIZATION_LEVEL = "-O";
				VALIDATE_PRODUCT = YES;
			};
			name = Release;
		};
		9A0705FD2283EF6A003817A1 /* Debug */ = {
			isa = XCBuildConfiguration;
			buildSettings = {
				ASSETCATALOG_COMPILER_APPICON_NAME = AppIcon;
				CODE_SIGN_STYLE = Automatic;
				DEVELOPMENT_TEAM = B72C2658L8;
				INFOPLIST_FILE = MoneyApp/Info.plist;
				LD_RUNPATH_SEARCH_PATHS = (
					"$(inherited)",
					"@executable_path/Frameworks",
				);
				PRODUCT_BUNDLE_IDENTIFIER = orackle.MoneyApp;
				PRODUCT_NAME = "$(TARGET_NAME)";
				SWIFT_VERSION = 5.0;
				TARGETED_DEVICE_FAMILY = "1,2";
			};
			name = Debug;
		};
		9A0705FE2283EF6A003817A1 /* Release */ = {
			isa = XCBuildConfiguration;
			buildSettings = {
				ASSETCATALOG_COMPILER_APPICON_NAME = AppIcon;
				CODE_SIGN_STYLE = Automatic;
				DEVELOPMENT_TEAM = B72C2658L8;
				INFOPLIST_FILE = MoneyApp/Info.plist;
				LD_RUNPATH_SEARCH_PATHS = (
					"$(inherited)",
					"@executable_path/Frameworks",
				);
				PRODUCT_BUNDLE_IDENTIFIER = orackle.MoneyApp;
				PRODUCT_NAME = "$(TARGET_NAME)";
				SWIFT_VERSION = 5.0;
				TARGETED_DEVICE_FAMILY = "1,2";
			};
			name = Release;
		};
/* End XCBuildConfiguration section */

/* Begin XCConfigurationList section */
		9A0705E52283EF68003817A1 /* Build configuration list for PBXProject "MoneyApp" */ = {
			isa = XCConfigurationList;
			buildConfigurations = (
				9A0705FA2283EF6A003817A1 /* Debug */,
				9A0705FB2283EF6A003817A1 /* Release */,
			);
			defaultConfigurationIsVisible = 0;
			defaultConfigurationName = Release;
		};
		9A0705FC2283EF6A003817A1 /* Build configuration list for PBXNativeTarget "MoneyApp" */ = {
			isa = XCConfigurationList;
			buildConfigurations = (
				9A0705FD2283EF6A003817A1 /* Debug */,
				9A0705FE2283EF6A003817A1 /* Release */,
			);
			defaultConfigurationIsVisible = 0;
			defaultConfigurationName = Release;
		};
/* End XCConfigurationList section */
	};
	rootObject = 9A0705E22283EF68003817A1 /* Project object */;
}
